
Microsoft Visual Studio Solution File, Format Version 12.00
# Visual Studio Version 16
VisualStudioVersion = 16.0.30907.101
MinimumVisualStudioVersion = 10.0.40219.1
Project("{9A19103F-16F7-4668-BE54-9A1E7A4F7556}") = "Ticketer", "Ticketer\Ticketer.csproj", "{C058F678-5526-44AD-B1A6-B4BC35607314}"
EndProject
Project("{9A19103F-16F7-4668-BE54-9A1E7A4F7556}") = "TicketerClient", "TicketerClient\TicketerClient.csproj", "{6DDB86E9-2B4C-4B60-8580-B152D0507F8B}"
EndProject
Global
	GlobalSection(SolutionConfigurationPlatforms) = preSolution
		Debug|Any CPU = Debug|Any CPU
		Release|Any CPU = Release|Any CPU
	EndGlobalSection
	GlobalSection(ProjectConfigurationPlatforms) = postSolution
		{C058F678-5526-44AD-B1A6-B4BC35607314}.Debug|Any CPU.ActiveCfg = Debug|Any CPU
		{C058F678-5526-44AD-B1A6-B4BC35607314}.Debug|Any CPU.Build.0 = Debug|Any CPU
		{C058F678-5526-44AD-B1A6-B4BC35607314}.Release|Any CPU.ActiveCfg = Release|Any CPU
		{C058F678-5526-44AD-B1A6-B4BC35607314}.Release|Any CPU.Build.0 = Release|Any CPU
		{6DDB86E9-2B4C-4B60-8580-B152D0507F8B}.Debug|Any CPU.ActiveCfg = Debug|Any CPU
		{6DDB86E9-2B4C-4B60-8580-B152D0507F8B}.Debug|Any CPU.Build.0 = Debug|Any CPU
		{6DDB86E9-2B4C-4B60-8580-B152D0507F8B}.Release|Any CPU.ActiveCfg = Release|Any CPU
		{6DDB86E9-2B4C-4B60-8580-B152D0507F8B}.Release|Any CPU.Build.0 = Release|Any CPU
	EndGlobalSection
	GlobalSection(SolutionProperties) = preSolution
		HideSolutionNode = FALSE
	EndGlobalSection
	GlobalSection(ExtensibilityGlobals) = postSolution
		SolutionGuid = {BE9A20BD-C80C-4708-B9C7-6E0A37BEF52A}
	EndGlobalSection
EndGlobal
